github.com/nginxinc/nginx-hugo-theme v0.35.0 h1:7XB2GMy6qeJgKEJy9wOS3SYKYpfvLW3/H+UHRPLM4FU=
github.com/nginxinc/nginx-hugo-theme v0.35.0/go.mod h1:DPNgSS5QYxkjH/BfH4uPDiTfODqWJ50NKZdorguom8M=
github.com/nginxinc/nginx-hugo-theme v0.39.0 h1:P1hOPpityVUOM5OyIpQZa1UJyuUunGSmz0oZh/GYSJM=
github.com/nginxinc/nginx-hugo-theme v0.39.0/go.mod h1:DPNgSS5QYxkjH/BfH4uPDiTfODqWJ50NKZdorguom8M=
